<Solution>
  <Folder Name="/src/">
    <Project Path="src/DocBrief.API/DocBrief.API.csproj" />
    <Project Path="src/DocBrief.Application/DocBrief.Application.csproj" />
    <Project Path="src/DocBrief.Domain/DocBrief.Domain.csproj" />
    <Project Path="src/DocBrief.Infrastructure/DocBrief.Infrastructure.csproj" />
  </Folder>
  <Folder Name="/tests/">
    <Project Path="tests/DocBrief.TestConsole/DocBrief.TestConsole.csproj" />
    <Project Path="tests/DocBrief.Application.Tests/DocBrief.Application.Tests.csproj" />
    <Project Path="tests/DocBrief.Infrastructure.Tests/DocBrief.Infrastructure.Tests.csproj" />
  </Folder>
  <Project Path="web/web.esproj">
    <Build />
    <Deploy />
  </Project>
</Solution>
